
Microsoft Visual Studio Solution File, Format Version 12.00
# Visual Studio Version 17
VisualStudioVersion = 17.10.35027.167
MinimumVisualStudioVersion = 10.0.40219.1
Project("{FAE04EC0-301F-11D3-BF4B-00C04F79EFBC}") = "SuperChatApplication", "SuperChatApplication\SuperChatApplication.csproj", "{4DFC9741-CE55-4E26-B58F-DD0E9158D44A}"
EndProject
Global
	GlobalSection(SolutionConfigurationPlatforms) = preSolution
		Debug|Any CPU = Debug|Any CPU
		Release|Any CPU = Release|Any CPU
	EndGlobalSection
	GlobalSection(ProjectConfigurationPlatforms) = postSolution
		{4DFC9741-CE55-4E26-B58F-DD0E9158D44A}.Debug|Any CPU.ActiveCfg = Debug|Any CPU
		{4DFC9741-CE55-4E26-B58F-DD0E9158D44A}.Debug|Any CPU.Build.0 = Debug|Any CPU
		{4DFC9741-CE55-4E26-B58F-DD0E9158D44A}.Release|Any CPU.ActiveCfg = Release|Any CPU
		{4DFC9741-CE55-4E26-B58F-DD0E9158D44A}.Release|Any CPU.Build.0 = Release|Any CPU
	EndGlobalSection
	GlobalSection(SolutionProperties) = preSolution
		HideSolutionNode = FALSE
	EndGlobalSection
	GlobalSection(ExtensibilityGlobals) = postSolution
		SolutionGuid = {69D32D24-6BB1-4C78-824C-1B9B6166CC8E}
	EndGlobalSection
EndGlobal
